// !$*UTF8*$!
{
	archiveVersion = 1;
	classes = {
	};
	objectVersion = 56;
	objects = {

/* Begin PBXBuildFile section */
		D833855F29EF1E430099E42F /* DetailsViewController.swift in Sources */ = {isa = PBXBuildFile; fileRef = D833855E29EF1E430099E42F /* DetailsViewController.swift */; };
		D85E720C29D5E43F008B048A /* CountriesTableViewController.swift in Sources */ = {isa = PBXBuildFile; fileRef = D85E720B29D5E43F008B048A /* CountriesTableViewController.swift */; };
		D86FBDB329ED650E0014F229 /* Localizable.strings in Resources */ = {isa = PBXBuildFile; fileRef = D86FBDB229ED650E0014F229 /* Localizable.strings */; };
		D880F24329BF8A75007DE2F6 /* AppDelegate.swift in Sources */ = {isa = PBXBuildFile; fileRef = D880F24229BF8A75007DE2F6 /* AppDelegate.swift */; };
		D880F24529BF8A75007DE2F6 /* SceneDelegate.swift in Sources */ = {isa = PBXBuildFile; fileRef = D880F24429BF8A75007DE2F6 /* SceneDelegate.swift */; };
		D880F24A29BF8A75007DE2F6 /* Main.storyboard in Resources */ = {isa = PBXBuildFile; fileRef = D880F24829BF8A75007DE2F6 /* Main.storyboard */; };
		D880F24C29BF8A87007DE2F6 /* Assets.xcassets in Resources */ = {isa = PBXBuildFile; fileRef = D880F24B29BF8A87007DE2F6 /* Assets.xcassets */; };
		D880F24F29BF8A87007DE2F6 /* LaunchScreen.storyboard in Resources */ = {isa = PBXBuildFile; fileRef = D880F24D29BF8A87007DE2F6 /* LaunchScreen.storyboard */; };
		D880F25B29BF8BE7007DE2F6 /* Citiy.swift in Sources */ = {isa = PBXBuildFile; fileRef = D880F25A29BF8BE7007DE2F6 /* Citiy.swift */; };
		D880F26429C0AF6B007DE2F6 /* Country.swift in Sources */ = {isa = PBXBuildFile; fileRef = D880F26329C0AF6B007DE2F6 /* Country.swift */; };
		D880F26629C0B5CE007DE2F6 /* NetworkManager.swift in Sources */ = {isa = PBXBuildFile; fileRef = D880F26529C0B5CE007DE2F6 /* NetworkManager.swift */; };
		D8ACCB7F29D5D74D005F8495 /* DataStore.swift in Sources */ = {isa = PBXBuildFile; fileRef = D8ACCB7E29D5D74D005F8495 /* DataStore.swift */; };
/* End PBXBuildFile section */

/* Begin PBXFileReference section */
		D833855E29EF1E430099E42F /* DetailsViewController.swift */ = {isa = PBXFileReference; lastKnownFileType = sourcecode.swift; path = DetailsViewController.swift; sourceTree = "<group>"; };
		D85E720B29D5E43F008B048A /* CountriesTableViewController.swift */ = {isa = PBXFileReference; lastKnownFileType = sourcecode.swift; path = CountriesTableViewController.swift; sourceTree = "<group>"; };
		D86FBDB229ED650E0014F229 /* Localizable.strings */ = {isa = PBXFileReference; lastKnownFileType = text.plist.strings; path = Localizable.strings; sourceTree = "<group>"; };
		D880F23F29BF8A74007DE2F6 /* GoGeo.app */ = {isa = PBXFileReference; explicitFileType = wrapper.application; includeInIndex = 0; path = GoGeo.app; sourceTree = BUILT_PRODUCTS_DIR; };
		D880F24229BF8A75007DE2F6 /* AppDelegate.swift */ = {isa = PBXFileReference; lastKnownFileType = sourcecode.swift; path = AppDelegate.swift; sourceTree = "<group>"; };
		D880F24429BF8A75007DE2F6 /* SceneDelegate.swift */ = {isa = PBXFileReference; lastKnownFileType = sourcecode.swift; path = SceneDelegate.swift; sourceTree = "<group>"; };
		D880F24929BF8A75007DE2F6 /* Base */ = {isa = PBXFileReference; lastKnownFileType = file.storyboard; name = Base; path = Base.lproj/Main.storyboard; sourceTree = "<group>"; };
		D880F24B29BF8A87007DE2F6 /* Assets.xcassets */ = {isa = PBXFileReference; lastKnownFileType = folder.assetcatalog; path = Assets.xcassets; sourceTree = "<group>"; };
		D880F24E29BF8A87007DE2F6 /* Base */ = {isa = PBXFileReference; lastKnownFileType = file.storyboard; name = Base; path = Base.lproj/LaunchScreen.storyboard; sourceTree = "<group>"; };
		D880F25029BF8A87007DE2F6 /* Info.plist */ = {isa = PBXFileReference; lastKnownFileType = text.plist.xml; path = Info.plist; sourceTree = "<group>"; };
		D880F25A29BF8BE7007DE2F6 /* Citiy.swift */ = {isa = PBXFileReference; lastKnownFileType = sourcecode.swift; path = Citiy.swift; sourceTree = "<group>"; };
		D880F26329C0AF6B007DE2F6 /* Country.swift */ = {isa = PBXFileReference; lastKnownFileType = sourcecode.swift; path = Country.swift; sourceTree = "<group>"; };
		D880F26529C0B5CE007DE2F6 /* NetworkManager.swift */ = {isa = PBXFileReference; lastKnownFileType = sourcecode.swift; path = NetworkManager.swift; sourceTree = "<group>"; };
		D8ACCB7E29D5D74D005F8495 /* DataStore.swift */ = {isa = PBXFileReference; lastKnownFileType = sourcecode.swift; path = DataStore.swift; sourceTree = "<group>"; };
/* End PBXFileReference section */

/* Begin PBXFrameworksBuildPhase section */
		D880F23C29BF8A74007DE2F6 /* Frameworks */ = {
			isa = PBXFrameworksBuildPhase;
			buildActionMask = 2147483647;
			files = (
			);
			runOnlyForDeploymentPostprocessing = 0;
		};
/* End PBXFrameworksBuildPhase section */

/* Begin PBXGroup section */
		D880F23629BF8A74007DE2F6 = {
			isa = PBXGroup;
			children = (
				D880F24129BF8A74007DE2F6 /* GoGeo */,
				D880F24029BF8A74007DE2F6 /* Products */,
			);
			sourceTree = "<group>";
		};
		D880F24029BF8A74007DE2F6 /* Products */ = {
			isa = PBXGroup;
			children = (
				D880F23F29BF8A74007DE2F6 /* GoGeo.app */,
			);
			name = Products;
			sourceTree = "<group>";
		};
		D880F24129BF8A74007DE2F6 /* GoGeo */ = {
			isa = PBXGroup;
			children = (
				D880F26729C1E022007DE2F6 /* Services */,
				D880F25929BF8B34007DE2F6 /* Models */,
				D880F25629BF8AEE007DE2F6 /* App */,
				D880F25829BF8B16007DE2F6 /* Controllers */,
				D880F25729BF8AFC007DE2F6 /* Storyboards */,
				D880F24B29BF8A87007DE2F6 /* Assets.xcassets */,
			);
			path = GoGeo;
			sourceTree = "<group>";
		};
		D880F25629BF8AEE007DE2F6 /* App */ = {
			isa = PBXGroup;
			children = (
				D880F24229BF8A75007DE2F6 /* AppDelegate.swift */,
				D880F24429BF8A75007DE2F6 /* SceneDelegate.swift */,
				D880F25029BF8A87007DE2F6 /* Info.plist */,
			);
			path = App;
			sourceTree = "<group>";
		};
		D880F25729BF8AFC007DE2F6 /* Storyboards */ = {
			isa = PBXGroup;
			children = (
				D880F24829BF8A75007DE2F6 /* Main.storyboard */,
				D880F24D29BF8A87007DE2F6 /* LaunchScreen.storyboard */,
			);
			path = Storyboards;
			sourceTree = "<group>";
		};
		D880F25829BF8B16007DE2F6 /* Controllers */ = {
			isa = PBXGroup;
			children = (
				D85E720B29D5E43F008B048A /* CountriesTableViewController.swift */,
				D833855E29EF1E430099E42F /* DetailsViewController.swift */,
			);
			path = Controllers;
			sourceTree = "<group>";
		};
		D880F25929BF8B34007DE2F6 /* Models */ = {
			isa = PBXGroup;
			children = (
				D880F26329C0AF6B007DE2F6 /* Country.swift */,
				D880F25A29BF8BE7007DE2F6 /* Citiy.swift */,
			);
			path = Models;
			sourceTree = "<group>";
		};
		D880F26729C1E022007DE2F6 /* Services */ = {
			isa = PBXGroup;
			children = (
				D880F26529C0B5CE007DE2F6 /* NetworkManager.swift */,
				D8ACCB7E29D5D74D005F8495 /* DataStore.swift */,
				D86FBDB229ED650E0014F229 /* Localizable.strings */,
			);
			path = Services;
			sourceTree = "<group>";
		};
/* End PBXGroup section */

/* Begin PBXNativeTarget section */
		D880F23E29BF8A74007DE2F6 /* GoGeo */ = {
			isa = PBXNativeTarget;
			buildConfigurationList = D880F25329BF8A87007DE2F6 /* Build configuration list for PBXNativeTarget "GoGeo" */;
			buildPhases = (
				D880F23B29BF8A74007DE2F6 /* Sources */,
				D880F23C29BF8A74007DE2F6 /* Frameworks */,
				D880F23D29BF8A74007DE2F6 /* Resources */,
			);
			buildRules = (
			);
			dependencies = (
			);
			name = GoGeo;
			productName = GoGeo;
			productReference = D880F23F29BF8A74007DE2F6 /* GoGeo.app */;
			productType = "com.apple.product-type.application";
		};
/* End PBXNativeTarget section */

/* Begin PBXProject section */
		D880F23729BF8A74007DE2F6 /* Project object */ = {
			isa = PBXProject;
			attributes = {
				BuildIndependentTargetsInParallel = 1;
				LastSwiftUpdateCheck = 1420;
				LastUpgradeCheck = 1420;
				TargetAttributes = {
					D880F23E29BF8A74007DE2F6 = {
						CreatedOnToolsVersion = 14.2;
					};
				};
			};
			buildConfigurationList = D880F23A29BF8A74007DE2F6 /* Build configuration list for PBXProject "GoGeo" */;
			compatibilityVersion = "Xcode 14.0";
			developmentRegion = en;
			hasScannedForEncodings = 0;
			knownRegions = (
				en,
				Base,
			);
			mainGroup = D880F23629BF8A74007DE2F6;
			productRefGroup = D880F24029BF8A74007DE2F6 /* Products */;
			projectDirPath = "";
			projectRoot = "";
			targets = (
				D880F23E29BF8A74007DE2F6 /* GoGeo */,
			);
		};
/* End PBXProject section */

/* Begin PBXResourcesBuildPhase section */
		D880F23D29BF8A74007DE2F6 /* Resources */ = {
			isa = PBXResourcesBuildPhase;
			buildActionMask = 2147483647;
			files = (
				D880F24F29BF8A87007DE2F6 /* LaunchScreen.storyboard in Resources */,
				D86FBDB329ED650E0014F229 /* Localizable.strings in Resources */,
				D880F24C29BF8A87007DE2F6 /* Assets.xcassets in Resources */,
				D880F24A29BF8A75007DE2F6 /* Main.storyboard in Resources */,
			);
			runOnlyForDeploymentPostprocessing = 0;
		};
/* End PBXResourcesBuildPhase section */

/* Begin PBXSourcesBuildPhase section */
		D880F23B29BF8A74007DE2F6 /* Sources */ = {
			isa = PBXSourcesBuildPhase;
			buildActionMask = 2147483647;
			files = (
				D880F26429C0AF6B007DE2F6 /* Country.swift in Sources */,
				D880F24329BF8A75007DE2F6 /* AppDelegate.swift in Sources */,
				D880F25B29BF8BE7007DE2F6 /* Citiy.swift in Sources */,
				D880F26629C0B5CE007DE2F6 /* NetworkManager.swift in Sources */,
				D880F24529BF8A75007DE2F6 /* SceneDelegate.swift in Sources */,
				D8ACCB7F29D5D74D005F8495 /* DataStore.swift in Sources */,
				D85E720C29D5E43F008B048A /* CountriesTableViewController.swift in Sources */,
				D833855F29EF1E430099E42F /* DetailsViewController.swift in Sources */,
			);
			runOnlyForDeploymentPostprocessing = 0;
		};
/* End PBXSourcesBuildPhase section */

/* Begin PBXVariantGroup section */
		D880F24829BF8A75007DE2F6 /* Main.storyboard */ = {
			isa = PBXVariantGroup;
			children = (
				D880F24929BF8A75007DE2F6 /* Base */,
			);
			name = Main.storyboard;
			sourceTree = "<group>";
		};
		D880F24D29BF8A87007DE2F6 /* LaunchScreen.storyboard */ = {
			isa = PBXVariantGroup;
			children = (
				D880F24E29BF8A87007DE2F6 /* Base */,
			);
			name = LaunchScreen.storyboard;
			sourceTree = "<group>";
		};
/* End PBXVariantGroup section */

/* Begin XCBuildConfiguration section */
		D880F25129BF8A87007DE2F6 /* Debug */ = {
			isa = XCBuildConfiguration;
			buildSettings = {
				ALWAYS_SEARCH_USER_PATHS = NO;
				CLANG_ANALYZER_NONNULL = YES;
				CLANG_ANALYZER_NUMBER_OBJECT_CONVERSION = YES_AGGRESSIVE;
				CLANG_CXX_LANGUAGE_STANDARD = "gnu++20";
				CLANG_ENABLE_MODULES = YES;
				CLANG_ENABLE_OBJC_ARC = YES;
				CLANG_ENABLE_OBJC_WEAK = YES;
				CLANG_WARN_BLOCK_CAPTURE_AUTORELEASING = YES;
				CLANG_WARN_BOOL_CONVERSION = YES;
				CLANG_WARN_COMMA = YES;
				CLANG_WARN_CONSTANT_CONVERSION = YES;
				CLANG_WARN_DEPRECATED_OBJC_IMPLEMENTATIONS = YES;
				CLANG_WARN_DIRECT_OBJC_ISA_USAGE = YES_ERROR;
				CLANG_WARN_DOCUMENTATION_COMMENTS = YES;
				CLANG_WARN_EMPTY_BODY = YES;
				CLANG_WARN_ENUM_CONVERSION = YES;
				CLANG_WARN_INFINITE_RECURSION = YES;
				CLANG_WARN_INT_CONVERSION = YES;
				CLANG_WARN_NON_LITERAL_NULL_CONVERSION = YES;
				CLANG_WARN_OBJC_IMPLICIT_RETAIN_SELF = YES;
				CLANG_WARN_OBJC_LITERAL_CONVERSION = YES;
				CLANG_WARN_OBJC_ROOT_CLASS = YES_ERROR;
				CLANG_WARN_QUOTED_INCLUDE_IN_FRAMEWORK_HEADER = YES;
				CLANG_WARN_RANGE_LOOP_ANALYSIS = YES;
				CLANG_WARN_STRICT_PROTOTYPES = YES;
				CLANG_WARN_SUSPICIOUS_MOVE = YES;
				CLANG_WARN_UNGUARDED_AVAILABILITY = YES_AGGRESSIVE;
				CLANG_WARN_UNREACHABLE_CODE = YES;
				CLANG_WARN__DUPLICATE_METHOD_MATCH = YES;
				COPY_PHASE_STRIP = NO;
				DEBUG_INFORMATION_FORMAT = dwarf;
				ENABLE_STRICT_OBJC_MSGSEND = YES;
				ENABLE_TESTABILITY = YES;
				GCC_C_LANGUAGE_STANDARD = gnu11;
				GCC_DYNAMIC_NO_PIC = NO;
				GCC_NO_COMMON_BLOCKS = YES;
				GCC_OPTIMIZATION_LEVEL = 0;
				GCC_PREPROCESSOR_DEFINITIONS = (
					"DEBUG=1",
					"$(inherited)",
				);
				GCC_WARN_64_TO_32_BIT_CONVERSION = YES;
				GCC_WARN_ABOUT_RETURN_TYPE = YES_ERROR;
				GCC_WARN_UNDECLARED_SELECTOR = YES;
				GCC_WARN_UNINITIALIZED_AUTOS = YES_AGGRESSIVE;
				GCC_WARN_UNUSED_FUNCTION = YES;
				GCC_WARN_UNUSED_VARIABLE = YES;
				IPHONEOS_DEPLOYMENT_TARGET = 16.2;
				MTL_ENABLE_DEBUG_INFO = INCLUDE_SOURCE;
				MTL_FAST_MATH = YES;
				ONLY_ACTIVE_ARCH = YES;
				SDKROOT = iphoneos;
				SWIFT_ACTIVE_COMPILATION_CONDITIONS = DEBUG;
				SWIFT_OPTIMIZATION_LEVEL = "-Onone";
			};
			name = Debug;
		};
		D880F25229BF8A87007DE2F6 /* Release */ = {
			isa = XCBuildConfiguration;
			buildSettings = {
				ALWAYS_SEARCH_USER_PATHS = NO;
				CLANG_ANALYZER_NONNULL = YES;
				CLANG_ANALYZER_NUMBER_OBJECT_CONVERSION = YES_AGGRESSIVE;
				CLANG_CXX_LANGUAGE_STANDARD = "gnu++20";
				CLANG_ENABLE_MODULES = YES;
				CLANG_ENABLE_OBJC_ARC = YES;
				CLANG_ENABLE_OBJC_WEAK = YES;
				CLANG_WARN_BLOCK_CAPTURE_AUTORELEASING = YES;
				CLANG_WARN_BOOL_CONVERSION = YES;
				CLANG_WARN_COMMA = YES;
				CLANG_WARN_CONSTANT_CONVERSION = YES;
				CLANG_WARN_DEPRECATED_OBJC_IMPLEMENTATIONS = YES;
				CLANG_WARN_DIRECT_OBJC_ISA_USAGE = YES_ERROR;
				CLANG_WARN_DOCUMENTATION_COMMENTS = YES;
				CLANG_WARN_EMPTY_BODY = YES;
				CLANG_WARN_ENUM_CONVERSION = YES;
				CLANG_WARN_INFINITE_RECURSION = YES;
				CLANG_WARN_INT_CONVERSION = YES;
				CLANG_WARN_NON_LITERAL_NULL_CONVERSION = YES;
				CLANG_WARN_OBJC_IMPLICIT_RETAIN_SELF = YES;
				CLANG_WARN_OBJC_LITERAL_CONVERSION = YES;
				CLANG_WARN_OBJC_ROOT_CLASS = YES_ERROR;
				CLANG_WARN_QUOTED_INCLUDE_IN_FRAMEWORK_HEADER = YES;
				CLANG_WARN_RANGE_LOOP_ANALYSIS = YES;
				CLANG_WARN_STRICT_PROTOTYPES = YES;
				CLANG_WARN_SUSPICIOUS_MOVE = YES;
				CLANG_WARN_UNGUARDED_AVAILABILITY = YES_AGGRESSIVE;
				CLANG_WARN_UNREACHABLE_CODE = YES;
				CLANG_WARN__DUPLICATE_METHOD_MATCH = YES;
				COPY_PHASE_STRIP = NO;
				DEBUG_INFORMATION_FORMAT = "dwarf-with-dsym";
				ENABLE_NS_ASSERTIONS = NO;
				ENABLE_STRICT_OBJC_MSGSEND = YES;
				GCC_C_LANGUAGE_STANDARD = gnu11;
				GCC_NO_COMMON_BLOCKS = YES;
				GCC_WARN_64_TO_32_BIT_CONVERSION = YES;
				GCC_WARN_ABOUT_RETURN_TYPE = YES_ERROR;
				GCC_WARN_UNDECLARED_SELECTOR = YES;
				GCC_WARN_UNINITIALIZED_AUTOS = YES_AGGRESSIVE;
				GCC_WARN_UNUSED_FUNCTION = YES;
				GCC_WARN_UNUSED_VARIABLE = YES;
				IPHONEOS_DEPLOYMENT_TARGET = 16.2;
				MTL_ENABLE_DEBUG_INFO = NO;
				MTL_FAST_MATH = YES;
				SDKROOT = iphoneos;
				SWIFT_COMPILATION_MODE = wholemodule;
				SWIFT_OPTIMIZATION_LEVEL = "-O";
				VALIDATE_PRODUCT = YES;
			};
			name = Release;
		};
		D880F25429BF8A87007DE2F6 /* Debug */ = {
			isa = XCBuildConfiguration;
			buildSettings = {
				ASSETCATALOG_COMPILER_APPICON_NAME = AppIcon;
				ASSETCATALOG_COMPILER_GLOBAL_ACCENT_COLOR_NAME = AccentColor;
				CODE_SIGN_STYLE = Automatic;
				CURRENT_PROJECT_VERSION = 1;
				DEVELOPMENT_TEAM = 488U3567BQ;
				GENERATE_INFOPLIST_FILE = YES;
				INFOPLIST_FILE = GoGeo/App/Info.plist;
				INFOPLIST_KEY_UIApplicationSupportsIndirectInputEvents = YES;
				INFOPLIST_KEY_UILaunchStoryboardName = LaunchScreen;
				INFOPLIST_KEY_UIMainStoryboardFile = Main;
				INFOPLIST_KEY_UISupportedInterfaceOrientations_iPad = "UIInterfaceOrientationPortrait UIInterfaceOrientationPortraitUpsideDown UIInterfaceOrientationLandscapeLeft UIInterfaceOrientationLandscapeRight";
				INFOPLIST_KEY_UISupportedInterfaceOrientations_iPhone = "UIInterfaceOrientationPortrait UIInterfaceOrientationLandscapeLeft UIInterfaceOrientationLandscapeRight";
				LD_RUNPATH_SEARCH_PATHS = (
					"$(inherited)",
					"@executable_path/Frameworks",
				);
				MARKETING_VERSION = 1.0;
				PRODUCT_BUNDLE_IDENTIFIER = ComSys.GoGeo;
				PRODUCT_NAME = "$(TARGET_NAME)";
				SUPPORTED_PLATFORMS = "iphoneos iphonesimulator";
				SUPPORTS_MACCATALYST = NO;
				SUPPORTS_MAC_DESIGNED_FOR_IPHONE_IPAD = NO;
				SWIFT_EMIT_LOC_STRINGS = YES;
				SWIFT_VERSION = 5.0;
				TARGETED_DEVICE_FAMILY = 1;
			};
			name = Debug;
		};
		D880F25529BF8A87007DE2F6 /* Release */ = {
			isa = XCBuildConfiguration;
			buildSettings = {
				ASSETCATALOG_COMPILER_APPICON_NAME = AppIcon;
				ASSETCATALOG_COMPILER_GLOBAL_ACCENT_COLOR_NAME = AccentColor;
				CODE_SIGN_STYLE = Automatic;
				CURRENT_PROJECT_VERSION = 1;
				DEVELOPMENT_TEAM = 488U3567BQ;
				GENERATE_INFOPLIST_FILE = YES;
				INFOPLIST_FILE = GoGeo/App/Info.plist;
				INFOPLIST_KEY_UIApplicationSupportsIndirectInputEvents = YES;
				INFOPLIST_KEY_UILaunchStoryboardName = LaunchScreen;
				INFOPLIST_KEY_UIMainStoryboardFile = Main;
				INFOPLIST_KEY_UISupportedInterfaceOrientations_iPad = "UIInterfaceOrientationPortrait UIInterfaceOrientationPortraitUpsideDown UIInterfaceOrientationLandscapeLeft UIInterfaceOrientationLandscapeRight";
				INFOPLIST_KEY_UISupportedInterfaceOrientations_iPhone = "UIInterfaceOrientationPortrait UIInterfaceOrientationLandscapeLeft UIInterfaceOrientationLandscapeRight";
				LD_RUNPATH_SEARCH_PATHS = (
					"$(inherited)",
					"@executable_path/Frameworks",
				);
				MARKETING_VERSION = 1.0;
				PRODUCT_BUNDLE_IDENTIFIER = ComSys.GoGeo;
				PRODUCT_NAME = "$(TARGET_NAME)";
				SUPPORTED_PLATFORMS = "iphoneos iphonesimulator";
				SUPPORTS_MACCATALYST = NO;
				SUPPORTS_MAC_DESIGNED_FOR_IPHONE_IPAD = NO;
				SWIFT_EMIT_LOC_STRINGS = YES;
				SWIFT_VERSION = 5.0;
				TARGETED_DEVICE_FAMILY = 1;
			};
			name = Release;
		};
/* End XCBuildConfiguration section */

/* Begin XCConfigurationList section */
		D880F23A29BF8A74007DE2F6 /* Build configuration list for PBXProject "GoGeo" */ = {
			isa = XCConfigurationList;
			buildConfigurations = (
				D880F25129BF8A87007DE2F6 /* Debug */,
				D880F25229BF8A87007DE2F6 /* Release */,
			);
			defaultConfigurationIsVisible = 0;
			defaultConfigurationName = Release;
		};
		D880F25329BF8A87007DE2F6 /* Build configuration list for PBXNativeTarget "GoGeo" */ = {
			isa = XCConfigurationList;
			buildConfigurations = (
				D880F25429BF8A87007DE2F6 /* Debug */,
				D880F25529BF8A87007DE2F6 /* Release */,
			);
			defaultConfigurationIsVisible = 0;
			defaultConfigurationName = Release;
		};
/* End XCConfigurationList section */
	};
	rootObject = D880F23729BF8A74007DE2F6 /* Project object */;
}
